// !$*UTF8*$!
{
	archiveVersion = 1;
	classes = {
	};
	objectVersion = 46;
	objects = {

/* Begin PBXBuildFile section */
		A78F70BD1E42FCDC0017B6AC /* AppDelegate.swift in Sources */ = {isa = PBXBuildFile; fileRef = A78F70BC1E42FCDC0017B6AC /* AppDelegate.swift */; };
		A78F70BF1E42FCDC0017B6AC /* ViewController.swift in Sources */ = {isa = PBXBuildFile; fileRef = A78F70BE1E42FCDC0017B6AC /* ViewController.swift */; };
		A78F70C21E42FCDC0017B6AC /* Main.storyboard in Resources */ = {isa = PBXBuildFile; fileRef = A78F70C01E42FCDC0017B6AC /* Main.storyboard */; };
		A78F70C51E42FCDC0017B6AC /* Animal_Guessing.xcdatamodeld in Sources */ = {isa = PBXBuildFile; fileRef = A78F70C31E42FCDC0017B6AC /* Animal_Guessing.xcdatamodeld */; };
		A78F70C71E42FCDC0017B6AC /* Assets.xcassets in Resources */ = {isa = PBXBuildFile; fileRef = A78F70C61E42FCDC0017B6AC /* Assets.xcassets */; };
		A78F70CA1E42FCDC0017B6AC /* LaunchScreen.storyboard in Resources */ = {isa = PBXBuildFile; fileRef = A78F70C81E42FCDC0017B6AC /* LaunchScreen.storyboard */; };
		A78F70D51E42FCDC0017B6AC /* Animal_GuessingTests.swift in Sources */ = {isa = PBXBuildFile; fileRef = A78F70D41E42FCDC0017B6AC /* Animal_GuessingTests.swift */; };
		A78F70E01E42FCDC0017B6AC /* Animal_GuessingUITests.swift in Sources */ = {isa = PBXBuildFile; fileRef = A78F70DF1E42FCDC0017B6AC /* Animal_GuessingUITests.swift */; };
/* End PBXBuildFile section */

/* Begin PBXContainerItemProxy section */
		A78F70D11E42FCDC0017B6AC /* PBXContainerItemProxy */ = {
			isa = PBXContainerItemProxy;
			containerPortal = A78F70B11E42FCDC0017B6AC /* Project object */;
			proxyType = 1;
			remoteGlobalIDString = A78F70B81E42FCDC0017B6AC;
			remoteInfo = "Animal Guessing";
		};
		A78F70DC1E42FCDC0017B6AC /* PBXContainerItemProxy */ = {
			isa = PBXContainerItemProxy;
			containerPortal = A78F70B11E42FCDC0017B6AC /* Project object */;
			proxyType = 1;
			remoteGlobalIDString = A78F70B81E42FCDC0017B6AC;
			remoteInfo = "Animal Guessing";
		};
/* End PBXContainerItemProxy section */

/* Begin PBXFileReference section */
		A78F70B91E42FCDC0017B6AC /* Animal Guessing.app */ = {isa = PBXFileReference; explicitFileType = wrapper.application; includeInIndex = 0; path = "Animal Guessing.app"; sourceTree = BUILT_PRODUCTS_DIR; };
		A78F70BC1E42FCDC0017B6AC /* AppDelegate.swift */ = {isa = PBXFileReference; lastKnownFileType = sourcecode.swift; path = AppDelegate.swift; sourceTree = "<group>"; };
		A78F70BE1E42FCDC0017B6AC /* ViewController.swift */ = {isa = PBXFileReference; lastKnownFileType = sourcecode.swift; path = ViewController.swift; sourceTree = "<group>"; };
		A78F70C11E42FCDC0017B6AC /* Base */ = {isa = PBXFileReference; lastKnownFileType = file.storyboard; name = Base; path = Base.lproj/Main.storyboard; sourceTree = "<group>"; };
		A78F70C41E42FCDC0017B6AC /* Animal_Guessing.xcdatamodel */ = {isa = PBXFileReference; lastKnownFileType = wrapper.xcdatamodel; path = Animal_Guessing.xcdatamodel; sourceTree = "<group>"; };
		A78F70C61E42FCDC0017B6AC /* Assets.xcassets */ = {isa = PBXFileReference; lastKnownFileType = folder.assetcatalog; path = Assets.xcassets; sourceTree = "<group>"; };
		A78F70C91E42FCDC0017B6AC /* Base */ = {isa = PBXFileReference; lastKnownFileType = file.storyboard; name = Base; path = Base.lproj/LaunchScreen.storyboard; sourceTree = "<group>"; };
		A78F70CB1E42FCDC0017B6AC /* Info.plist */ = {isa = PBXFileReference; lastKnownFileType = text.plist.xml; path = Info.plist; sourceTree = "<group>"; };
		A78F70D01E42FCDC0017B6AC /* Animal GuessingTests.xctest */ = {isa = PBXFileReference; explicitFileType = wrapper.cfbundle; includeInIndex = 0; path = "Animal GuessingTests.xctest"; sourceTree = BUILT_PRODUCTS_DIR; };
		A78F70D41E42FCDC0017B6AC /* Animal_GuessingTests.swift */ = {isa = PBXFileReference; lastKnownFileType = sourcecode.swift; path = Animal_GuessingTests.swift; sourceTree = "<group>"; };
		A78F70D61E42FCDC0017B6AC /* Info.plist */ = {isa = PBXFileReference; lastKnownFileType = text.plist.xml; path = Info.plist; sourceTree = "<group>"; };
		A78F70DB1E42FCDC0017B6AC /* Animal GuessingUITests.xctest */ = {isa = PBXFileReference; explicitFileType = wrapper.cfbundle; includeInIndex = 0; path = "Animal GuessingUITests.xctest"; sourceTree = BUILT_PRODUCTS_DIR; };
		A78F70DF1E42FCDC0017B6AC /* Animal_GuessingUITests.swift */ = {isa = PBXFileReference; lastKnownFileType = sourcecode.swift; path = Animal_GuessingUITests.swift; sourceTree = "<group>"; };
		A78F70E11E42FCDC0017B6AC /* Info.plist */ = {isa = PBXFileReference; lastKnownFileType = text.plist.xml; path = Info.plist; sourceTree = "<group>"; };
/* End PBXFileReference section */

/* Begin PBXFrameworksBuildPhase section */
		A78F70B61E42FCDC0017B6AC /* Frameworks */ = {
			isa = PBXFrameworksBuildPhase;
			buildActionMask = 2147483647;
			files = (
			);
			runOnlyForDeploymentPostprocessing = 0;
		};
		A78F70CD1E42FCDC0017B6AC /* Frameworks */ = {
			isa = PBXFrameworksBuildPhase;
			buildActionMask = 2147483647;
			files = (
			);
			runOnlyForDeploymentPostprocessing = 0;
		};
		A78F70D81E42FCDC0017B6AC /* Frameworks */ = {
			isa = PBXFrameworksBuildPhase;
			buildActionMask = 2147483647;
			files = (
			);
			runOnlyForDeploymentPostprocessing = 0;
		};
/* End PBXFrameworksBuildPhase section */

/* Begin PBXGroup section */
		A78F70B01E42FCDC0017B6AC = {
			isa = PBXGroup;
			children = (
				A78F70BB1E42FCDC0017B6AC /* Animal Guessing */,
				A78F70D31E42FCDC0017B6AC /* Animal GuessingTests */,
				A78F70DE1E42FCDC0017B6AC /* Animal GuessingUITests */,
				A78F70BA1E42FCDC0017B6AC /* Products */,
			);
			sourceTree = "<group>";
		};
		A78F70BA1E42FCDC0017B6AC /* Products */ = {
			isa = PBXGroup;
			children = (
				A78F70B91E42FCDC0017B6AC /* Animal Guessing.app */,
				A78F70D01E42FCDC0017B6AC /* Animal GuessingTests.xctest */,
				A78F70DB1E42FCDC0017B6AC /* Animal GuessingUITests.xctest */,
			);
			name = Products;
			sourceTree = "<group>";
		};
		A78F70BB1E42FCDC0017B6AC /* Animal Guessing */ = {
			isa = PBXGroup;
			children = (
				A78F70BC1E42FCDC0017B6AC /* AppDelegate.swift */,
				A78F70BE1E42FCDC0017B6AC /* ViewController.swift */,
				A78F70C01E42FCDC0017B6AC /* Main.storyboard */,
				A78F70C61E42FCDC0017B6AC /* Assets.xcassets */,
				A78F70C81E42FCDC0017B6AC /* LaunchScreen.storyboard */,
				A78F70CB1E42FCDC0017B6AC /* Info.plist */,
				A78F70C31E42FCDC0017B6AC /* Animal_Guessing.xcdatamodeld */,
			);
			path = "Animal Guessing";
			sourceTree = "<group>";
		};
		A78F70D31E42FCDC0017B6AC /* Animal GuessingTests */ = {
			isa = PBXGroup;
			children = (
				A78F70D41E42FCDC0017B6AC /* Animal_GuessingTests.swift */,
				A78F70D61E42FCDC0017B6AC /* Info.plist */,
			);
			path = "Animal GuessingTests";
			sourceTree = "<group>";
		};
		A78F70DE1E42FCDC0017B6AC /* Animal GuessingUITests */ = {
			isa = PBXGroup;
			children = (
				A78F70DF1E42FCDC0017B6AC /* Animal_GuessingUITests.swift */,
				A78F70E11E42FCDC0017B6AC /* Info.plist */,
			);
			path = "Animal GuessingUITests";
			sourceTree = "<group>";
		};
/* End PBXGroup section */

/* Begin PBXNativeTarget section */
		A78F70B81E42FCDC0017B6AC /* Animal Guessing */ = {
			isa = PBXNativeTarget;
			buildConfigurationList = A78F70E41E42FCDC0017B6AC /* Build configuration list for PBXNativeTarget "Animal Guessing" */;
			buildPhases = (
				A78F70B51E42FCDC0017B6AC /* Sources */,
				A78F70B61E42FCDC0017B6AC /* Frameworks */,
				A78F70B71E42FCDC0017B6AC /* Resources */,
			);
			buildRules = (
			);
			dependencies = (
			);
			name = "Animal Guessing";
			productName = "Animal Guessing";
			productReference = A78F70B91E42FCDC0017B6AC /* Animal Guessing.app */;
			productType = "com.apple.product-type.application";
		};
		A78F70CF1E42FCDC0017B6AC /* Animal GuessingTests */ = {
			isa = PBXNativeTarget;
			buildConfigurationList = A78F70E71E42FCDC0017B6AC /* Build configuration list for PBXNativeTarget "Animal GuessingTests" */;
			buildPhases = (
				A78F70CC1E42FCDC0017B6AC /* Sources */,
				A78F70CD1E42FCDC0017B6AC /* Frameworks */,
				A78F70CE1E42FCDC0017B6AC /* Resources */,
			);
			buildRules = (
			);
			dependencies = (
				A78F70D21E42FCDC0017B6AC /* PBXTargetDependency */,
			);
			name = "Animal GuessingTests";
			productName = "Animal GuessingTests";
			productReference = A78F70D01E42FCDC0017B6AC /* Animal GuessingTests.xctest */;
			productType = "com.apple.product-type.bundle.unit-test";
		};
		A78F70DA1E42FCDC0017B6AC /* Animal GuessingUITests */ = {
			isa = PBXNativeTarget;
			buildConfigurationList = A78F70EA1E42FCDC0017B6AC /* Build configuration list for PBXNativeTarget "Animal GuessingUITests" */;
			buildPhases = (
				A78F70D71E42FCDC0017B6AC /* Sources */,
				A78F70D81E42FCDC0017B6AC /* Frameworks */,
				A78F70D91E42FCDC0017B6AC /* Resources */,
			);
			buildRules = (
			);
			dependencies = (
				A78F70DD1E42FCDC0017B6AC /* PBXTargetDependency */,
			);
			name = "Animal GuessingUITests";
			productName = "Animal GuessingUITests";
			productReference = A78F70DB1E42FCDC0017B6AC /* Animal GuessingUITests.xctest */;
			productType = "com.apple.product-type.bundle.ui-testing";
		};
/* End PBXNativeTarget section */

/* Begin PBXProject section */
		A78F70B11E42FCDC0017B6AC /* Project object */ = {
			isa = PBXProject;
			attributes = {
				LastSwiftUpdateCheck = 0820;
				LastUpgradeCheck = 0820;
				ORGANIZATIONNAME = "Ricardo Perez";
				TargetAttributes = {
					A78F70B81E42FCDC0017B6AC = {
						CreatedOnToolsVersion = 8.2.1;
						DevelopmentTeam = BZ3MERU3H2;
						ProvisioningStyle = Automatic;
					};
					A78F70CF1E42FCDC0017B6AC = {
						CreatedOnToolsVersion = 8.2.1;
						DevelopmentTeam = BZ3MERU3H2;
						ProvisioningStyle = Automatic;
						TestTargetID = A78F70B81E42FCDC0017B6AC;
					};
					A78F70DA1E42FCDC0017B6AC = {
						CreatedOnToolsVersion = 8.2.1;
						DevelopmentTeam = BZ3MERU3H2;
						ProvisioningStyle = Automatic;
						TestTargetID = A78F70B81E42FCDC0017B6AC;
					};
				};
			};
			buildConfigurationList = A78F70B41E42FCDC0017B6AC /* Build configuration list for PBXProject "Animal Guessing" */;
			compatibilityVersion = "Xcode 3.2";
			developmentRegion = English;
			hasScannedForEncodings = 0;
			knownRegions = (
				en,
				Base,
			);
			mainGroup = A78F70B01E42FCDC0017B6AC;
			productRefGroup = A78F70BA1E42FCDC0017B6AC /* Products */;
			projectDirPath = "";
			projectRoot = "";
			targets = (
				A78F70B81E42FCDC0017B6AC /* Animal Guessing */,
				A78F70CF1E42FCDC0017B6AC /* Animal GuessingTests */,
				A78F70DA1E42FCDC0017B6AC /* Animal GuessingUITests */,
			);
		};
/* End PBXProject section */

/* Begin PBXResourcesBuildPhase section */
		A78F70B71E42FCDC0017B6AC /* Resources */ = {
			isa = PBXResourcesBuildPhase;
			buildActionMask = 2147483647;
			files = (
				A78F70CA1E42FCDC0017B6AC /* LaunchScreen.storyboard in Resources */,
				A78F70C71E42FCDC0017B6AC /* Assets.xcassets in Resources */,
				A78F70C21E42FCDC0017B6AC /* Main.storyboard in Resources */,
			);
			runOnlyForDeploymentPostprocessing = 0;
		};
		A78F70CE1E42FCDC0017B6AC /* Resources */ = {
			isa = PBXResourcesBuildPhase;
			buildActionMask = 2147483647;
			files = (
			);
			runOnlyForDeploymentPostprocessing = 0;
		};
		A78F70D91E42FCDC0017B6AC /* Resources */ = {
			isa = PBXResourcesBuildPhase;
			buildActionMask = 2147483647;
			files = (
			);
			runOnlyForDeploymentPostprocessing = 0;
		};
/* End PBXResourcesBuildPhase section */

/* Begin PBXSourcesBuildPhase section */
		A78F70B51E42FCDC0017B6AC /* Sources */ = {
			isa = PBXSourcesBuildPhase;
			buildActionMask = 2147483647;
			files = (
				A78F70BF1E42FCDC0017B6AC /* ViewController.swift in Sources */,
				A78F70BD1E42FCDC0017B6AC /* AppDelegate.swift in Sources */,
				A78F70C51E42FCDC0017B6AC /* Animal_Guessing.xcdatamodeld in Sources */,
			);
			runOnlyForDeploymentPostprocessing = 0;
		};
		A78F70CC1E42FCDC0017B6AC /* Sources */ = {
			isa = PBXSourcesBuildPhase;
			buildActionMask = 2147483647;
			files = (
				A78F70D51E42FCDC0017B6AC /* Animal_GuessingTests.swift in Sources */,
			);
			runOnlyForDeploymentPostprocessing = 0;
		};
		A78F70D71E42FCDC0017B6AC /* Sources */ = {
			isa = PBXSourcesBuildPhase;
			buildActionMask = 2147483647;
			files = (
				A78F70E01E42FCDC0017B6AC /* Animal_GuessingUITests.swift in Sources */,
			);
			runOnlyForDeploymentPostprocessing = 0;
		};
/* End PBXSourcesBuildPhase section */

/* Begin PBXTargetDependency section */
		A78F70D21E42FCDC0017B6AC /* PBXTargetDependency */ = {
			isa = PBXTargetDependency;
			target = A78F70B81E42FCDC0017B6AC /* Animal Guessing */;
			targetProxy = A78F70D11E42FCDC0017B6AC /* PBXContainerItemProxy */;
		};
		A78F70DD1E42FCDC0017B6AC /* PBXTargetDependency */ = {
			isa = PBXTargetDependency;
			target = A78F70B81E42FCDC0017B6AC /* Animal Guessing */;
			targetProxy = A78F70DC1E42FCDC0017B6AC /* PBXContainerItemProxy */;
		};
/* End PBXTargetDependency section */

/* Begin PBXVariantGroup section */
		A78F70C01E42FCDC0017B6AC /* Main.storyboard */ = {
			isa = PBXVariantGroup;
			children = (
				A78F70C11E42FCDC0017B6AC /* Base */,
			);
			name = Main.storyboard;
			sourceTree = "<group>";
		};
		A78F70C81E42FCDC0017B6AC /* LaunchScreen.storyboard */ = {
			isa = PBXVariantGroup;
			children = (
				A78F70C91E42FCDC0017B6AC /* Base */,
			);
			name = LaunchScreen.storyboard;
			sourceTree = "<group>";
		};
/* End PBXVariantGroup section */

/* Begin XCBuildConfiguration section */
		A78F70E21E42FCDC0017B6AC /* Debug */ = {
			isa = XCBuildConfiguration;
			buildSettings = {
				ALWAYS_SEARCH_USER_PATHS = NO;
				CLANG_ANALYZER_NONNULL = YES;
				CLANG_CXX_LANGUAGE_STANDARD = "gnu++0x";
				CLANG_CXX_LIBRARY = "libc++";
				CLANG_ENABLE_MODULES = YES;
				CLANG_ENABLE_OBJC_ARC = YES;
				CLANG_WARN_BOOL_CONVERSION = YES;
				CLANG_WARN_CONSTANT_CONVERSION = YES;
				CLANG_WARN_DIRECT_OBJC_ISA_USAGE = YES_ERROR;
				CLANG_WARN_DOCUMENTATION_COMMENTS = YES;
				CLANG_WARN_EMPTY_BODY = YES;
				CLANG_WARN_ENUM_CONVERSION = YES;
				CLANG_WARN_INFINITE_RECURSION = YES;
				CLANG_WARN_INT_CONVERSION = YES;
				CLANG_WARN_OBJC_ROOT_CLASS = YES_ERROR;
				CLANG_WARN_SUSPICIOUS_MOVE = YES;
				CLANG_WARN_UNREACHABLE_CODE = YES;
				CLANG_WARN__DUPLICATE_METHOD_MATCH = YES;
				"CODE_SIGN_IDENTITY[sdk=iphoneos*]" = "iPhone Developer";
				COPY_PHASE_STRIP = NO;
				DEBUG_INFORMATION_FORMAT = dwarf;
				ENABLE_STRICT_OBJC_MSGSEND = YES;
				ENABLE_TESTABILITY = YES;
				GCC_C_LANGUAGE_STANDARD = gnu99;
				GCC_DYNAMIC_NO_PIC = NO;
				GCC_NO_COMMON_BLOCKS = YES;
				GCC_OPTIMIZATION_LEVEL = 0;
				GCC_PREPROCESSOR_DEFINITIONS = (
					"DEBUG=1",
					"$(inherited)",
				);
				GCC_WARN_64_TO_32_BIT_CONVERSION = YES;
				GCC_WARN_ABOUT_RETURN_TYPE = YES_ERROR;
				GCC_WARN_UNDECLARED_SELECTOR = YES;
				GCC_WARN_UNINITIALIZED_AUTOS = YES_AGGRESSIVE;
				GCC_WARN_UNUSED_FUNCTION = YES;
				GCC_WARN_UNUSED_VARIABLE = YES;
				IPHONEOS_DEPLOYMENT_TARGET = 10.2;
				MTL_ENABLE_DEBUG_INFO = YES;
				ONLY_ACTIVE_ARCH = YES;
				SDKROOT = iphoneos;
				SWIFT_ACTIVE_COMPILATION_CONDITIONS = DEBUG;
				SWIFT_OPTIMIZATION_LEVEL = "-Onone";
			};
			name = Debug;
		};
		A78F70E31E42FCDC0017B6AC /* Release */ = {
			isa = XCBuildConfiguration;
			buildSettings = {
				ALWAYS_SEARCH_USER_PATHS = NO;
				CLANG_ANALYZER_NONNULL = YES;
				CLANG_CXX_LANGUAGE_STANDARD = "gnu++0x";
				CLANG_CXX_LIBRARY = "libc++";
				CLANG_ENABLE_MODULES = YES;
				CLANG_ENABLE_OBJC_ARC = YES;
				CLANG_WARN_BOOL_CONVERSION = YES;
				CLANG_WARN_CONSTANT_CONVERSION = YES;
				CLANG_WARN_DIRECT_OBJC_ISA_USAGE = YES_ERROR;
				CLANG_WARN_DOCUMENTATION_COMMENTS = YES;
				CLANG_WARN_EMPTY_BODY = YES;
				CLANG_WARN_ENUM_CONVERSION = YES;
				CLANG_WARN_INFINITE_RECURSION = YES;
				CLANG_WARN_INT_CONVERSION = YES;
				CLANG_WARN_OBJC_ROOT_CLASS = YES_ERROR;
				CLANG_WARN_SUSPICIOUS_MOVE = YES;
				CLANG_WARN_UNREACHABLE_CODE = YES;
				CLANG_WARN__DUPLICATE_METHOD_MATCH = YES;
				"CODE_SIGN_IDENTITY[sdk=iphoneos*]" = "iPhone Developer";
				COPY_PHASE_STRIP = NO;
				DEBUG_INFORMATION_FORMAT = "dwarf-with-dsym";
				ENABLE_NS_ASSERTIONS = NO;
				ENABLE_STRICT_OBJC_MSGSEND = YES;
				GCC_C_LANGUAGE_STANDARD = gnu99;
				GCC_NO_COMMON_BLOCKS = YES;
				GCC_WARN_64_TO_32_BIT_CONVERSION = YES;
				GCC_WARN_ABOUT_RETURN_TYPE = YES_ERROR;
				GCC_WARN_UNDECLARED_SELECTOR = YES;
				GCC_WARN_UNINITIALIZED_AUTOS = YES_AGGRESSIVE;
				GCC_WARN_UNUSED_FUNCTION = YES;
				GCC_WARN_UNUSED_VARIABLE = YES;
				IPHONEOS_DEPLOYMENT_TARGET = 10.2;
				MTL_ENABLE_DEBUG_INFO = NO;
				SDKROOT = iphoneos;
				SWIFT_OPTIMIZATION_LEVEL = "-Owholemodule";
				VALIDATE_PRODUCT = YES;
			};
			name = Release;
		};
		A78F70E51E42FCDC0017B6AC /* Debug */ = {
			isa = XCBuildConfiguration;
			buildSettings = {
				ASSETCATALOG_COMPILER_APPICON_NAME = AppIcon;
				DEVELOPMENT_TEAM = BZ3MERU3H2;
				INFOPLIST_FILE = "Animal Guessing/Info.plist";
				LD_RUNPATH_SEARCH_PATHS = "$(inherited) @executable_path/Frameworks";
				PRODUCT_BUNDLE_IDENTIFIER = "com.architsoft.Animal-Guessing";
				PRODUCT_NAME = "$(TARGET_NAME)";
				SWIFT_VERSION = 3.0;
			};
			name = Debug;
		};
		A78F70E61E42FCDC0017B6AC /* Release */ = {
			isa = XCBuildConfiguration;
			buildSettings = {
				ASSETCATALOG_COMPILER_APPICON_NAME = AppIcon;
				DEVELOPMENT_TEAM = BZ3MERU3H2;
				INFOPLIST_FILE = "Animal Guessing/Info.plist";
				LD_RUNPATH_SEARCH_PATHS = "$(inherited) @executable_path/Frameworks";
				PRODUCT_BUNDLE_IDENTIFIER = "com.architsoft.Animal-Guessing";
				PRODUCT_NAME = "$(TARGET_NAME)";
				SWIFT_VERSION = 3.0;
			};
			name = Release;
		};
		A78F70E81E42FCDC0017B6AC /* Debug */ = {
			isa = XCBuildConfiguration;
			buildSettings = {
				ALWAYS_EMBED_SWIFT_STANDARD_LIBRARIES = YES;
				BUNDLE_LOADER = "$(TEST_HOST)";
				DEVELOPMENT_TEAM = BZ3MERU3H2;
				INFOPLIST_FILE = "Animal GuessingTests/Info.plist";
				LD_RUNPATH_SEARCH_PATHS = "$(inherited) @executable_path/Frameworks @loader_path/Frameworks";
				PRODUCT_BUNDLE_IDENTIFIER = "com.architsoft.Animal-GuessingTests";
				PRODUCT_NAME = "$(TARGET_NAME)";
				SWIFT_VERSION = 3.0;
				TEST_HOST = "$(BUILT_PRODUCTS_DIR)/Animal Guessing.app/Animal Guessing";
			};
			name = Debug;
		};
		A78F70E91E42FCDC0017B6AC /* Release */ = {
			isa = XCBuildConfiguration;
			buildSettings = {
				ALWAYS_EMBED_SWIFT_STANDARD_LIBRARIES = YES;
				BUNDLE_LOADER = "$(TEST_HOST)";
				DEVELOPMENT_TEAM = BZ3MERU3H2;
				INFOPLIST_FILE = "Animal GuessingTests/Info.plist";
				LD_RUNPATH_SEARCH_PATHS = "$(inherited) @executable_path/Frameworks @loader_path/Frameworks";
				PRODUCT_BUNDLE_IDENTIFIER = "com.architsoft.Animal-GuessingTests";
				PRODUCT_NAME = "$(TARGET_NAME)";
				SWIFT_VERSION = 3.0;
				TEST_HOST = "$(BUILT_PRODUCTS_DIR)/Animal Guessing.app/Animal Guessing";
			};
			name = Release;
		};
		A78F70EB1E42FCDC0017B6AC /* Debug */ = {
			isa = XCBuildConfiguration;
			buildSettings = {
				ALWAYS_EMBED_SWIFT_STANDARD_LIBRARIES = YES;
				DEVELOPMENT_TEAM = BZ3MERU3H2;
				INFOPLIST_FILE = "Animal GuessingUITests/Info.plist";
				LD_RUNPATH_SEARCH_PATHS = "$(inherited) @executable_path/Frameworks @loader_path/Frameworks";
				PRODUCT_BUNDLE_IDENTIFIER = "com.architsoft.Animal-GuessingUITests";
				PRODUCT_NAME = "$(TARGET_NAME)";
				SWIFT_VERSION = 3.0;
				TEST_TARGET_NAME = "Animal Guessing";
			};
			name = Debug;
		};
		A78F70EC1E42FCDC0017B6AC /* Release */ = {
			isa = XCBuildConfiguration;
			buildSettings = {
				ALWAYS_EMBED_SWIFT_STANDARD_LIBRARIES = YES;
				DEVELOPMENT_TEAM = BZ3MERU3H2;
				INFOPLIST_FILE = "Animal GuessingUITests/Info.plist";
				LD_RUNPATH_SEARCH_PATHS = "$(inherited) @executable_path/Frameworks @loader_path/Frameworks";
				PRODUCT_BUNDLE_IDENTIFIER = "com.architsoft.Animal-GuessingUITests";
				PRODUCT_NAME = "$(TARGET_NAME)";
				SWIFT_VERSION = 3.0;
				TEST_TARGET_NAME = "Animal Guessing";
			};
			name = Release;
		};
/* End XCBuildConfiguration section */

/* Begin XCConfigurationList section */
		A78F70B41E42FCDC0017B6AC /* Build configuration list for PBXProject "Animal Guessing" */ = {
			isa = XCConfigurationList;
			buildConfigurations = (
				A78F70E21E42FCDC0017B6AC /* Debug */,
				A78F70E31E42FCDC0017B6AC /* Release */,
			);
			defaultConfigurationIsVisible = 0;
			defaultConfigurationName = Release;
		};
		A78F70E41E42FCDC0017B6AC /* Build configuration list for PBXNativeTarget "Animal Guessing" */ = {
			isa = XCConfigurationList;
			buildConfigurations = (
				A78F70E51E42FCDC0017B6AC /* Debug */,
				A78F70E61E42FCDC0017B6AC /* Release */,
			);
			defaultConfigurationIsVisible = 0;
		};
		A78F70E71E42FCDC0017B6AC /* Build configuration list for PBXNativeTarget "Animal GuessingTests" */ = {
			isa = XCConfigurationList;
			buildConfigurations = (
				A78F70E81E42FCDC0017B6AC /* Debug */,
				A78F70E91E42FCDC0017B6AC /* Release */,
			);
			defaultConfigurationIsVisible = 0;
		};
		A78F70EA1E42FCDC0017B6AC /* Build configuration list for PBXNativeTarget "Animal GuessingUITests" */ = {
			isa = XCConfigurationList;
			buildConfigurations = (
				A78F70EB1E42FCDC0017B6AC /* Debug */,
				A78F70EC1E42FCDC0017B6AC /* Release */,
			);
			defaultConfigurationIsVisible = 0;
		};
/* End XCConfigurationList section */

/* Begin XCVersionGroup section */
		A78F70C31E42FCDC0017B6AC /* Animal_Guessing.xcdatamodeld */ = {
			isa = XCVersionGroup;
			children = (
				A78F70C41E42FCDC0017B6AC /* Animal_Guessing.xcdatamodel */,
			);
			currentVersion = A78F70C41E42FCDC0017B6AC /* Animal_Guessing.xcdatamodel */;
			path = Animal_Guessing.xcdatamodeld;
			sourceTree = "<group>";
			versionGroupType = wrapper.xcdatamodel;
		};
/* End XCVersionGroup section */
	};
	rootObject = A78F70B11E42FCDC0017B6AC /* Project object */;
}
